
Microsoft Visual Studio Solution File, Format Version 12.00
# Visual Studio Version 17
Project("{2150E333-8FDC-42A3-9474-1A3956D46DE8}") = "CMakePredefinedTargets", "CMakePredefinedTargets", "{39420691-7ADF-3F6D-85ED-B1CED8018478}"
EndProject
Project("{2150E333-8FDC-42A3-9474-1A3956D46DE8}") = "External", "External", "{63E8ECA9-C30C-3383-A283-E88D372C9FF8}"
EndProject
Project("{2150E333-8FDC-42A3-9474-1A3956D46DE8}") = "Internal", "Internal", "{A4A2BFFD-BB12-3D94-BD7B-E9C85DBF26D9}"
EndProject
Project("{2150E333-8FDC-42A3-9474-1A3956D46DE8}") = "Utils", "Utils", "{D400D3FF-0E5B-322A-8C17-DCB4FC176645}"
EndProject
Project("{8BC9CEB8-8B4A-11D0-8D11-00A0C91BC942}") = "ALL_BUILD", "ALL_BUILD.vcxproj", "{A48F5FEC-2A1A-3F2F-B389-BD6F0A9F78B7}"
	ProjectSection(ProjectDependencies) = postProject
		{14668BB5-86C4-3CA8-967B-212F1CB9F155} = {14668BB5-86C4-3CA8-967B-212F1CB9F155}
		{F390C2B0-B687-3011-AE48-04D2187FCF24} = {F390C2B0-B687-3011-AE48-04D2187FCF24}
		{65BB95DB-9092-3A5D-9B2C-3EA3DA1EEB79} = {65BB95DB-9092-3A5D-9B2C-3EA3DA1EEB79}
		{D44AD7AB-CBC8-35EC-A670-FC3688C4DE0B} = {D44AD7AB-CBC8-35EC-A670-FC3688C4DE0B}
		{F4CFD9D2-8A01-3BE6-B881-9CBC2E26214D} = {F4CFD9D2-8A01-3BE6-B881-9CBC2E26214D}
		{731696EE-6AD3-3048-95E9-FE3A5CB75821} = {731696EE-6AD3-3048-95E9-FE3A5CB75821}
		{5BAFCEEC-360E-34EC-9F9B-D8A0FBCD9ACB} = {5BAFCEEC-360E-34EC-9F9B-D8A0FBCD9ACB}
		{40EE9E9F-42CF-32EB-AD42-5F9A1573C056} = {40EE9E9F-42CF-32EB-AD42-5F9A1573C056}
		{77D638CF-9670-39B0-AA36-4C74AEAD0BCE} = {77D638CF-9670-39B0-AA36-4C74AEAD0BCE}
		{C534F9CA-ABE9-36E9-8132-5C04720FDA3D} = {C534F9CA-ABE9-36E9-8132-5C04720FDA3D}
		{40B41B4A-1CA3-3F4D-995A-DB7A251B1C97} = {40B41B4A-1CA3-3F4D-995A-DB7A251B1C97}
		{046252A3-4550-3A14-8580-889F693F0223} = {046252A3-4550-3A14-8580-889F693F0223}
		{CA4EDFF6-F378-34E7-95CE-597E63BCEAD0} = {CA4EDFF6-F378-34E7-95CE-597E63BCEAD0}
		{6F3EBCAF-09D4-36BF-B28C-77B300C4A986} = {6F3EBCAF-09D4-36BF-B28C-77B300C4A986}
		{7C23008C-9C2B-385F-9852-1FD06EAFDB98} = {7C23008C-9C2B-385F-9852-1FD06EAFDB98}
	EndProjectSection
EndProject
Project("{8BC9CEB8-8B4A-11D0-8D11-00A0C91BC942}") = "SYNC_RESOURCE-TankBattle", "SYNC_RESOURCE-TankBattle.vcxproj", "{14668BB5-86C4-3CA8-967B-212F1CB9F155}"
	ProjectSection(ProjectDependencies) = postProject
		{65BB95DB-9092-3A5D-9B2C-3EA3DA1EEB79} = {65BB95DB-9092-3A5D-9B2C-3EA3DA1EEB79}
	EndProjectSection
EndProject
Project("{8BC9CEB8-8B4A-11D0-8D11-00A0C91BC942}") = "TankBattle", "TankBattle.vcxproj", "{F390C2B0-B687-3011-AE48-04D2187FCF24}"
	ProjectSection(ProjectDependencies) = postProject
		{14668BB5-86C4-3CA8-967B-212F1CB9F155} = {14668BB5-86C4-3CA8-967B-212F1CB9F155}
		{65BB95DB-9092-3A5D-9B2C-3EA3DA1EEB79} = {65BB95DB-9092-3A5D-9B2C-3EA3DA1EEB79}
		{D44AD7AB-CBC8-35EC-A670-FC3688C4DE0B} = {D44AD7AB-CBC8-35EC-A670-FC3688C4DE0B}
		{F4CFD9D2-8A01-3BE6-B881-9CBC2E26214D} = {F4CFD9D2-8A01-3BE6-B881-9CBC2E26214D}
		{731696EE-6AD3-3048-95E9-FE3A5CB75821} = {731696EE-6AD3-3048-95E9-FE3A5CB75821}
		{5BAFCEEC-360E-34EC-9F9B-D8A0FBCD9ACB} = {5BAFCEEC-360E-34EC-9F9B-D8A0FBCD9ACB}
		{40EE9E9F-42CF-32EB-AD42-5F9A1573C056} = {40EE9E9F-42CF-32EB-AD42-5F9A1573C056}
		{77D638CF-9670-39B0-AA36-4C74AEAD0BCE} = {77D638CF-9670-39B0-AA36-4C74AEAD0BCE}
		{C534F9CA-ABE9-36E9-8132-5C04720FDA3D} = {C534F9CA-ABE9-36E9-8132-5C04720FDA3D}
		{40B41B4A-1CA3-3F4D-995A-DB7A251B1C97} = {40B41B4A-1CA3-3F4D-995A-DB7A251B1C97}
		{046252A3-4550-3A14-8580-889F693F0223} = {046252A3-4550-3A14-8580-889F693F0223}
		{CA4EDFF6-F378-34E7-95CE-597E63BCEAD0} = {CA4EDFF6-F378-34E7-95CE-597E63BCEAD0}
		{6F3EBCAF-09D4-36BF-B28C-77B300C4A986} = {6F3EBCAF-09D4-36BF-B28C-77B300C4A986}
		{7C23008C-9C2B-385F-9852-1FD06EAFDB98} = {7C23008C-9C2B-385F-9852-1FD06EAFDB98}
	EndProjectSection
EndProject
Project("{8BC9CEB8-8B4A-11D0-8D11-00A0C91BC942}") = "ZERO_CHECK", "ZERO_CHECK.vcxproj", "{65BB95DB-9092-3A5D-9B2C-3EA3DA1EEB79}"
	ProjectSection(ProjectDependencies) = postProject
	EndProjectSection
EndProject
Project("{8BC9CEB8-8B4A-11D0-8D11-00A0C91BC942}") = "cocos2d", "engine\cocos\core\cocos2d.vcxproj", "{D44AD7AB-CBC8-35EC-A670-FC3688C4DE0B}"
	ProjectSection(ProjectDependencies) = postProject
		{65BB95DB-9092-3A5D-9B2C-3EA3DA1EEB79} = {65BB95DB-9092-3A5D-9B2C-3EA3DA1EEB79}
		{F4CFD9D2-8A01-3BE6-B881-9CBC2E26214D} = {F4CFD9D2-8A01-3BE6-B881-9CBC2E26214D}
		{731696EE-6AD3-3048-95E9-FE3A5CB75821} = {731696EE-6AD3-3048-95E9-FE3A5CB75821}
		{5BAFCEEC-360E-34EC-9F9B-D8A0FBCD9ACB} = {5BAFCEEC-360E-34EC-9F9B-D8A0FBCD9ACB}
		{40EE9E9F-42CF-32EB-AD42-5F9A1573C056} = {40EE9E9F-42CF-32EB-AD42-5F9A1573C056}
		{77D638CF-9670-39B0-AA36-4C74AEAD0BCE} = {77D638CF-9670-39B0-AA36-4C74AEAD0BCE}
		{C534F9CA-ABE9-36E9-8132-5C04720FDA3D} = {C534F9CA-ABE9-36E9-8132-5C04720FDA3D}
		{40B41B4A-1CA3-3F4D-995A-DB7A251B1C97} = {40B41B4A-1CA3-3F4D-995A-DB7A251B1C97}
		{046252A3-4550-3A14-8580-889F693F0223} = {046252A3-4550-3A14-8580-889F693F0223}
		{CA4EDFF6-F378-34E7-95CE-597E63BCEAD0} = {CA4EDFF6-F378-34E7-95CE-597E63BCEAD0}
		{6F3EBCAF-09D4-36BF-B28C-77B300C4A986} = {6F3EBCAF-09D4-36BF-B28C-77B300C4A986}
		{7C23008C-9C2B-385F-9852-1FD06EAFDB98} = {7C23008C-9C2B-385F-9852-1FD06EAFDB98}
	EndProjectSection
EndProject
Project("{8BC9CEB8-8B4A-11D0-8D11-00A0C91BC942}") = "ext_clipper", "engine\external\clipper\ext_clipper.vcxproj", "{F4CFD9D2-8A01-3BE6-B881-9CBC2E26214D}"
	ProjectSection(ProjectDependencies) = postProject
		{65BB95DB-9092-3A5D-9B2C-3EA3DA1EEB79} = {65BB95DB-9092-3A5D-9B2C-3EA3DA1EEB79}
	EndProjectSection
EndProject
Project("{8BC9CEB8-8B4A-11D0-8D11-00A0C91BC942}") = "ext_convertUTF", "engine\external\ConvertUTF\ext_convertUTF.vcxproj", "{731696EE-6AD3-3048-95E9-FE3A5CB75821}"
	ProjectSection(ProjectDependencies) = postProject
		{65BB95DB-9092-3A5D-9B2C-3EA3DA1EEB79} = {65BB95DB-9092-3A5D-9B2C-3EA3DA1EEB79}
	EndProjectSection
EndProject
Project("{8BC9CEB8-8B4A-11D0-8D11-00A0C91BC942}") = "ext_edtaa3func", "engine\external\edtaa3func\ext_edtaa3func.vcxproj", "{5BAFCEEC-360E-34EC-9F9B-D8A0FBCD9ACB}"
	ProjectSection(ProjectDependencies) = postProject
		{65BB95DB-9092-3A5D-9B2C-3EA3DA1EEB79} = {65BB95DB-9092-3A5D-9B2C-3EA3DA1EEB79}
	EndProjectSection
EndProject
Project("{8BC9CEB8-8B4A-11D0-8D11-00A0C91BC942}") = "ext_md5", "engine\external\md5\ext_md5.vcxproj", "{40EE9E9F-42CF-32EB-AD42-5F9A1573C056}"
	ProjectSection(ProjectDependencies) = postProject
		{65BB95DB-9092-3A5D-9B2C-3EA3DA1EEB79} = {65BB95DB-9092-3A5D-9B2C-3EA3DA1EEB79}
	EndProjectSection
EndProject
Project("{8BC9CEB8-8B4A-11D0-8D11-00A0C91BC942}") = "ext_poly2tri", "engine\external\poly2tri\ext_poly2tri.vcxproj", "{77D638CF-9670-39B0-AA36-4C74AEAD0BCE}"
	ProjectSection(ProjectDependencies) = postProject
		{65BB95DB-9092-3A5D-9B2C-3EA3DA1EEB79} = {65BB95DB-9092-3A5D-9B2C-3EA3DA1EEB79}
	EndProjectSection
EndProject
Project("{8BC9CEB8-8B4A-11D0-8D11-00A0C91BC942}") = "ext_recast", "engine\external\recast\ext_recast.vcxproj", "{C534F9CA-ABE9-36E9-8132-5C04720FDA3D}"
	ProjectSection(ProjectDependencies) = postProject
		{65BB95DB-9092-3A5D-9B2C-3EA3DA1EEB79} = {65BB95DB-9092-3A5D-9B2C-3EA3DA1EEB79}
	EndProjectSection
EndProject
Project("{8BC9CEB8-8B4A-11D0-8D11-00A0C91BC942}") = "ext_tinyxml2", "engine\external\tinyxml2\ext_tinyxml2.vcxproj", "{40B41B4A-1CA3-3F4D-995A-DB7A251B1C97}"
	ProjectSection(ProjectDependencies) = postProject
		{65BB95DB-9092-3A5D-9B2C-3EA3DA1EEB79} = {65BB95DB-9092-3A5D-9B2C-3EA3DA1EEB79}
	EndProjectSection
EndProject
Project("{8BC9CEB8-8B4A-11D0-8D11-00A0C91BC942}") = "ext_unzip", "engine\external\unzip\ext_unzip.vcxproj", "{046252A3-4550-3A14-8580-889F693F0223}"
	ProjectSection(ProjectDependencies) = postProject
		{65BB95DB-9092-3A5D-9B2C-3EA3DA1EEB79} = {65BB95DB-9092-3A5D-9B2C-3EA3DA1EEB79}
	EndProjectSection
EndProject
Project("{8BC9CEB8-8B4A-11D0-8D11-00A0C91BC942}") = "ext_xxhash", "engine\external\xxhash\ext_xxhash.vcxproj", "{CA4EDFF6-F378-34E7-95CE-597E63BCEAD0}"
	ProjectSection(ProjectDependencies) = postProject
		{65BB95DB-9092-3A5D-9B2C-3EA3DA1EEB79} = {65BB95DB-9092-3A5D-9B2C-3EA3DA1EEB79}
	EndProjectSection
EndProject
Project("{8BC9CEB8-8B4A-11D0-8D11-00A0C91BC942}") = "ext_xxtea", "engine\external\xxtea\ext_xxtea.vcxproj", "{6F3EBCAF-09D4-36BF-B28C-77B300C4A986}"
	ProjectSection(ProjectDependencies) = postProject
		{65BB95DB-9092-3A5D-9B2C-3EA3DA1EEB79} = {65BB95DB-9092-3A5D-9B2C-3EA3DA1EEB79}
	EndProjectSection
EndProject
Project("{8BC9CEB8-8B4A-11D0-8D11-00A0C91BC942}") = "external", "engine\external\external.vcxproj", "{7C23008C-9C2B-385F-9852-1FD06EAFDB98}"
	ProjectSection(ProjectDependencies) = postProject
		{65BB95DB-9092-3A5D-9B2C-3EA3DA1EEB79} = {65BB95DB-9092-3A5D-9B2C-3EA3DA1EEB79}
		{F4CFD9D2-8A01-3BE6-B881-9CBC2E26214D} = {F4CFD9D2-8A01-3BE6-B881-9CBC2E26214D}
		{731696EE-6AD3-3048-95E9-FE3A5CB75821} = {731696EE-6AD3-3048-95E9-FE3A5CB75821}
		{5BAFCEEC-360E-34EC-9F9B-D8A0FBCD9ACB} = {5BAFCEEC-360E-34EC-9F9B-D8A0FBCD9ACB}
		{40EE9E9F-42CF-32EB-AD42-5F9A1573C056} = {40EE9E9F-42CF-32EB-AD42-5F9A1573C056}
		{77D638CF-9670-39B0-AA36-4C74AEAD0BCE} = {77D638CF-9670-39B0-AA36-4C74AEAD0BCE}
		{C534F9CA-ABE9-36E9-8132-5C04720FDA3D} = {C534F9CA-ABE9-36E9-8132-5C04720FDA3D}
		{40B41B4A-1CA3-3F4D-995A-DB7A251B1C97} = {40B41B4A-1CA3-3F4D-995A-DB7A251B1C97}
		{046252A3-4550-3A14-8580-889F693F0223} = {046252A3-4550-3A14-8580-889F693F0223}
		{CA4EDFF6-F378-34E7-95CE-597E63BCEAD0} = {CA4EDFF6-F378-34E7-95CE-597E63BCEAD0}
		{6F3EBCAF-09D4-36BF-B28C-77B300C4A986} = {6F3EBCAF-09D4-36BF-B28C-77B300C4A986}
	EndProjectSection
EndProject
Global
	GlobalSection(SolutionConfigurationPlatforms) = preSolution
		Debug|win32 = Debug|win32
		Release|win32 = Release|win32
		MinSizeRel|win32 = MinSizeRel|win32
		RelWithDebInfo|win32 = RelWithDebInfo|win32
	EndGlobalSection
	GlobalSection(ProjectConfigurationPlatforms) = postSolution
		{A48F5FEC-2A1A-3F2F-B389-BD6F0A9F78B7}.Debug|win32.ActiveCfg = Debug|win32
		{A48F5FEC-2A1A-3F2F-B389-BD6F0A9F78B7}.Release|win32.ActiveCfg = Release|win32
		{A48F5FEC-2A1A-3F2F-B389-BD6F0A9F78B7}.MinSizeRel|win32.ActiveCfg = MinSizeRel|win32
		{A48F5FEC-2A1A-3F2F-B389-BD6F0A9F78B7}.RelWithDebInfo|win32.ActiveCfg = RelWithDebInfo|win32
		{14668BB5-86C4-3CA8-967B-212F1CB9F155}.Debug|win32.ActiveCfg = Debug|win32
		{14668BB5-86C4-3CA8-967B-212F1CB9F155}.Debug|win32.Build.0 = Debug|win32
		{14668BB5-86C4-3CA8-967B-212F1CB9F155}.Release|win32.ActiveCfg = Release|win32
		{14668BB5-86C4-3CA8-967B-212F1CB9F155}.Release|win32.Build.0 = Release|win32
		{14668BB5-86C4-3CA8-967B-212F1CB9F155}.MinSizeRel|win32.ActiveCfg = MinSizeRel|win32
		{14668BB5-86C4-3CA8-967B-212F1CB9F155}.MinSizeRel|win32.Build.0 = MinSizeRel|win32
		{14668BB5-86C4-3CA8-967B-212F1CB9F155}.RelWithDebInfo|win32.ActiveCfg = RelWithDebInfo|win32
		{14668BB5-86C4-3CA8-967B-212F1CB9F155}.RelWithDebInfo|win32.Build.0 = RelWithDebInfo|win32
		{F390C2B0-B687-3011-AE48-04D2187FCF24}.Debug|win32.ActiveCfg = Debug|win32
		{F390C2B0-B687-3011-AE48-04D2187FCF24}.Debug|win32.Build.0 = Debug|win32
		{F390C2B0-B687-3011-AE48-04D2187FCF24}.Release|win32.ActiveCfg = Release|win32
		{F390C2B0-B687-3011-AE48-04D2187FCF24}.Release|win32.Build.0 = Release|win32
		{F390C2B0-B687-3011-AE48-04D2187FCF24}.MinSizeRel|win32.ActiveCfg = MinSizeRel|win32
		{F390C2B0-B687-3011-AE48-04D2187FCF24}.MinSizeRel|win32.Build.0 = MinSizeRel|win32
		{F390C2B0-B687-3011-AE48-04D2187FCF24}.RelWithDebInfo|win32.ActiveCfg = RelWithDebInfo|win32
		{F390C2B0-B687-3011-AE48-04D2187FCF24}.RelWithDebInfo|win32.Build.0 = RelWithDebInfo|win32
		{65BB95DB-9092-3A5D-9B2C-3EA3DA1EEB79}.Debug|win32.ActiveCfg = Debug|win32
		{65BB95DB-9092-3A5D-9B2C-3EA3DA1EEB79}.Debug|win32.Build.0 = Debug|win32
		{65BB95DB-9092-3A5D-9B2C-3EA3DA1EEB79}.Release|win32.ActiveCfg = Release|win32
		{65BB95DB-9092-3A5D-9B2C-3EA3DA1EEB79}.Release|win32.Build.0 = Release|win32
		{65BB95DB-9092-3A5D-9B2C-3EA3DA1EEB79}.MinSizeRel|win32.ActiveCfg = MinSizeRel|win32
		{65BB95DB-9092-3A5D-9B2C-3EA3DA1EEB79}.MinSizeRel|win32.Build.0 = MinSizeRel|win32
		{65BB95DB-9092-3A5D-9B2C-3EA3DA1EEB79}.RelWithDebInfo|win32.ActiveCfg = RelWithDebInfo|win32
		{65BB95DB-9092-3A5D-9B2C-3EA3DA1EEB79}.RelWithDebInfo|win32.Build.0 = RelWithDebInfo|win32
		{D44AD7AB-CBC8-35EC-A670-FC3688C4DE0B}.Debug|win32.ActiveCfg = Debug|win32
		{D44AD7AB-CBC8-35EC-A670-FC3688C4DE0B}.Debug|win32.Build.0 = Debug|win32
		{D44AD7AB-CBC8-35EC-A670-FC3688C4DE0B}.Release|win32.ActiveCfg = Release|win32
		{D44AD7AB-CBC8-35EC-A670-FC3688C4DE0B}.Release|win32.Build.0 = Release|win32
		{D44AD7AB-CBC8-35EC-A670-FC3688C4DE0B}.MinSizeRel|win32.ActiveCfg = MinSizeRel|win32
		{D44AD7AB-CBC8-35EC-A670-FC3688C4DE0B}.MinSizeRel|win32.Build.0 = MinSizeRel|win32
		{D44AD7AB-CBC8-35EC-A670-FC3688C4DE0B}.RelWithDebInfo|win32.ActiveCfg = RelWithDebInfo|win32
		{D44AD7AB-CBC8-35EC-A670-FC3688C4DE0B}.RelWithDebInfo|win32.Build.0 = RelWithDebInfo|win32
		{F4CFD9D2-8A01-3BE6-B881-9CBC2E26214D}.Debug|win32.ActiveCfg = Debug|win32
		{F4CFD9D2-8A01-3BE6-B881-9CBC2E26214D}.Debug|win32.Build.0 = Debug|win32
		{F4CFD9D2-8A01-3BE6-B881-9CBC2E26214D}.Release|win32.ActiveCfg = Release|win32
		{F4CFD9D2-8A01-3BE6-B881-9CBC2E26214D}.Release|win32.Build.0 = Release|win32
		{F4CFD9D2-8A01-3BE6-B881-9CBC2E26214D}.MinSizeRel|win32.ActiveCfg = MinSizeRel|win32
		{F4CFD9D2-8A01-3BE6-B881-9CBC2E26214D}.MinSizeRel|win32.Build.0 = MinSizeRel|win32
		{F4CFD9D2-8A01-3BE6-B881-9CBC2E26214D}.RelWithDebInfo|win32.ActiveCfg = RelWithDebInfo|win32
		{F4CFD9D2-8A01-3BE6-B881-9CBC2E26214D}.RelWithDebInfo|win32.Build.0 = RelWithDebInfo|win32
		{731696EE-6AD3-3048-95E9-FE3A5CB75821}.Debug|win32.ActiveCfg = Debug|win32
		{731696EE-6AD3-3048-95E9-FE3A5CB75821}.Debug|win32.Build.0 = Debug|win32
		{731696EE-6AD3-3048-95E9-FE3A5CB75821}.Release|win32.ActiveCfg = Release|win32
		{731696EE-6AD3-3048-95E9-FE3A5CB75821}.Release|win32.Build.0 = Release|win32
		{731696EE-6AD3-3048-95E9-FE3A5CB75821}.MinSizeRel|win32.ActiveCfg = MinSizeRel|win32
		{731696EE-6AD3-3048-95E9-FE3A5CB75821}.MinSizeRel|win32.Build.0 = MinSizeRel|win32
		{731696EE-6AD3-3048-95E9-FE3A5CB75821}.RelWithDebInfo|win32.ActiveCfg = RelWithDebInfo|win32
		{731696EE-6AD3-3048-95E9-FE3A5CB75821}.RelWithDebInfo|win32.Build.0 = RelWithDebInfo|win32
		{5BAFCEEC-360E-34EC-9F9B-D8A0FBCD9ACB}.Debug|win32.ActiveCfg = Debug|win32
		{5BAFCEEC-360E-34EC-9F9B-D8A0FBCD9ACB}.Debug|win32.Build.0 = Debug|win32
		{5BAFCEEC-360E-34EC-9F9B-D8A0FBCD9ACB}.Release|win32.ActiveCfg = Release|win32
		{5BAFCEEC-360E-34EC-9F9B-D8A0FBCD9ACB}.Release|win32.Build.0 = Release|win32
		{5BAFCEEC-360E-34EC-9F9B-D8A0FBCD9ACB}.MinSizeRel|win32.ActiveCfg = MinSizeRel|win32
		{5BAFCEEC-360E-34EC-9F9B-D8A0FBCD9ACB}.MinSizeRel|win32.Build.0 = MinSizeRel|win32
		{5BAFCEEC-360E-34EC-9F9B-D8A0FBCD9ACB}.RelWithDebInfo|win32.ActiveCfg = RelWithDebInfo|win32
		{5BAFCEEC-360E-34EC-9F9B-D8A0FBCD9ACB}.RelWithDebInfo|win32.Build.0 = RelWithDebInfo|win32
		{40EE9E9F-42CF-32EB-AD42-5F9A1573C056}.Debug|win32.ActiveCfg = Debug|win32
		{40EE9E9F-42CF-32EB-AD42-5F9A1573C056}.Debug|win32.Build.0 = Debug|win32
		{40EE9E9F-42CF-32EB-AD42-5F9A1573C056}.Release|win32.ActiveCfg = Release|win32
		{40EE9E9F-42CF-32EB-AD42-5F9A1573C056}.Release|win32.Build.0 = Release|win32
		{40EE9E9F-42CF-32EB-AD42-5F9A1573C056}.MinSizeRel|win32.ActiveCfg = MinSizeRel|win32
		{40EE9E9F-42CF-32EB-AD42-5F9A1573C056}.MinSizeRel|win32.Build.0 = MinSizeRel|win32
		{40EE9E9F-42CF-32EB-AD42-5F9A1573C056}.RelWithDebInfo|win32.ActiveCfg = RelWithDebInfo|win32
		{40EE9E9F-42CF-32EB-AD42-5F9A1573C056}.RelWithDebInfo|win32.Build.0 = RelWithDebInfo|win32
		{77D638CF-9670-39B0-AA36-4C74AEAD0BCE}.Debug|win32.ActiveCfg = Debug|win32
		{77D638CF-9670-39B0-AA36-4C74AEAD0BCE}.Debug|win32.Build.0 = Debug|win32
		{77D638CF-9670-39B0-AA36-4C74AEAD0BCE}.Release|win32.ActiveCfg = Release|win32
		{77D638CF-9670-39B0-AA36-4C74AEAD0BCE}.Release|win32.Build.0 = Release|win32
		{77D638CF-9670-39B0-AA36-4C74AEAD0BCE}.MinSizeRel|win32.ActiveCfg = MinSizeRel|win32
		{77D638CF-9670-39B0-AA36-4C74AEAD0BCE}.MinSizeRel|win32.Build.0 = MinSizeRel|win32
		{77D638CF-9670-39B0-AA36-4C74AEAD0BCE}.RelWithDebInfo|win32.ActiveCfg = RelWithDebInfo|win32
		{77D638CF-9670-39B0-AA36-4C74AEAD0BCE}.RelWithDebInfo|win32.Build.0 = RelWithDebInfo|win32
		{C534F9CA-ABE9-36E9-8132-5C04720FDA3D}.Debug|win32.ActiveCfg = Debug|win32
		{C534F9CA-ABE9-36E9-8132-5C04720FDA3D}.Debug|win32.Build.0 = Debug|win32
		{C534F9CA-ABE9-36E9-8132-5C04720FDA3D}.Release|win32.ActiveCfg = Release|win32
		{C534F9CA-ABE9-36E9-8132-5C04720FDA3D}.Release|win32.Build.0 = Release|win32
		{C534F9CA-ABE9-36E9-8132-5C04720FDA3D}.MinSizeRel|win32.ActiveCfg = MinSizeRel|win32
		{C534F9CA-ABE9-36E9-8132-5C04720FDA3D}.MinSizeRel|win32.Build.0 = MinSizeRel|win32
		{C534F9CA-ABE9-36E9-8132-5C04720FDA3D}.RelWithDebInfo|win32.ActiveCfg = RelWithDebInfo|win32
		{C534F9CA-ABE9-36E9-8132-5C04720FDA3D}.RelWithDebInfo|win32.Build.0 = RelWithDebInfo|win32
		{40B41B4A-1CA3-3F4D-995A-DB7A251B1C97}.Debug|win32.ActiveCfg = Debug|win32
		{40B41B4A-1CA3-3F4D-995A-DB7A251B1C97}.Debug|win32.Build.0 = Debug|win32
		{40B41B4A-1CA3-3F4D-995A-DB7A251B1C97}.Release|win32.ActiveCfg = Release|win32
		{40B41B4A-1CA3-3F4D-995A-DB7A251B1C97}.Release|win32.Build.0 = Release|win32
		{40B41B4A-1CA3-3F4D-995A-DB7A251B1C97}.MinSizeRel|win32.ActiveCfg = MinSizeRel|win32
		{40B41B4A-1CA3-3F4D-995A-DB7A251B1C97}.MinSizeRel|win32.Build.0 = MinSizeRel|win32
		{40B41B4A-1CA3-3F4D-995A-DB7A251B1C97}.RelWithDebInfo|win32.ActiveCfg = RelWithDebInfo|win32
		{40B41B4A-1CA3-3F4D-995A-DB7A251B1C97}.RelWithDebInfo|win32.Build.0 = RelWithDebInfo|win32
		{046252A3-4550-3A14-8580-889F693F0223}.Debug|win32.ActiveCfg = Debug|win32
		{046252A3-4550-3A14-8580-889F693F0223}.Debug|win32.Build.0 = Debug|win32
		{046252A3-4550-3A14-8580-889F693F0223}.Release|win32.ActiveCfg = Release|win32
		{046252A3-4550-3A14-8580-889F693F0223}.Release|win32.Build.0 = Release|win32
		{046252A3-4550-3A14-8580-889F693F0223}.MinSizeRel|win32.ActiveCfg = MinSizeRel|win32
		{046252A3-4550-3A14-8580-889F693F0223}.MinSizeRel|win32.Build.0 = MinSizeRel|win32
		{046252A3-4550-3A14-8580-889F693F0223}.RelWithDebInfo|win32.ActiveCfg = RelWithDebInfo|win32
		{046252A3-4550-3A14-8580-889F693F0223}.RelWithDebInfo|win32.Build.0 = RelWithDebInfo|win32
		{CA4EDFF6-F378-34E7-95CE-597E63BCEAD0}.Debug|win32.ActiveCfg = Debug|win32
		{CA4EDFF6-F378-34E7-95CE-597E63BCEAD0}.Debug|win32.Build.0 = Debug|win32
		{CA4EDFF6-F378-34E7-95CE-597E63BCEAD0}.Release|win32.ActiveCfg = Release|win32
		{CA4EDFF6-F378-34E7-95CE-597E63BCEAD0}.Release|win32.Build.0 = Release|win32
		{CA4EDFF6-F378-34E7-95CE-597E63BCEAD0}.MinSizeRel|win32.ActiveCfg = MinSizeRel|win32
		{CA4EDFF6-F378-34E7-95CE-597E63BCEAD0}.MinSizeRel|win32.Build.0 = MinSizeRel|win32
		{CA4EDFF6-F378-34E7-95CE-597E63BCEAD0}.RelWithDebInfo|win32.ActiveCfg = RelWithDebInfo|win32
		{CA4EDFF6-F378-34E7-95CE-597E63BCEAD0}.RelWithDebInfo|win32.Build.0 = RelWithDebInfo|win32
		{6F3EBCAF-09D4-36BF-B28C-77B300C4A986}.Debug|win32.ActiveCfg = Debug|win32
		{6F3EBCAF-09D4-36BF-B28C-77B300C4A986}.Debug|win32.Build.0 = Debug|win32
		{6F3EBCAF-09D4-36BF-B28C-77B300C4A986}.Release|win32.ActiveCfg = Release|win32
		{6F3EBCAF-09D4-36BF-B28C-77B300C4A986}.Release|win32.Build.0 = Release|win32
		{6F3EBCAF-09D4-36BF-B28C-77B300C4A986}.MinSizeRel|win32.ActiveCfg = MinSizeRel|win32
		{6F3EBCAF-09D4-36BF-B28C-77B300C4A986}.MinSizeRel|win32.Build.0 = MinSizeRel|win32
		{6F3EBCAF-09D4-36BF-B28C-77B300C4A986}.RelWithDebInfo|win32.ActiveCfg = RelWithDebInfo|win32
		{6F3EBCAF-09D4-36BF-B28C-77B300C4A986}.RelWithDebInfo|win32.Build.0 = RelWithDebInfo|win32
		{7C23008C-9C2B-385F-9852-1FD06EAFDB98}.Debug|win32.ActiveCfg = Debug|win32
		{7C23008C-9C2B-385F-9852-1FD06EAFDB98}.Debug|win32.Build.0 = Debug|win32
		{7C23008C-9C2B-385F-9852-1FD06EAFDB98}.Release|win32.ActiveCfg = Release|win32
		{7C23008C-9C2B-385F-9852-1FD06EAFDB98}.Release|win32.Build.0 = Release|win32
		{7C23008C-9C2B-385F-9852-1FD06EAFDB98}.MinSizeRel|win32.ActiveCfg = MinSizeRel|win32
		{7C23008C-9C2B-385F-9852-1FD06EAFDB98}.MinSizeRel|win32.Build.0 = MinSizeRel|win32
		{7C23008C-9C2B-385F-9852-1FD06EAFDB98}.RelWithDebInfo|win32.ActiveCfg = RelWithDebInfo|win32
		{7C23008C-9C2B-385F-9852-1FD06EAFDB98}.RelWithDebInfo|win32.Build.0 = RelWithDebInfo|win32
	EndGlobalSection
	GlobalSection(NestedProjects) = preSolution
		{A48F5FEC-2A1A-3F2F-B389-BD6F0A9F78B7} = {39420691-7ADF-3F6D-85ED-B1CED8018478}
		{65BB95DB-9092-3A5D-9B2C-3EA3DA1EEB79} = {39420691-7ADF-3F6D-85ED-B1CED8018478}
		{F4CFD9D2-8A01-3BE6-B881-9CBC2E26214D} = {63E8ECA9-C30C-3383-A283-E88D372C9FF8}
		{731696EE-6AD3-3048-95E9-FE3A5CB75821} = {63E8ECA9-C30C-3383-A283-E88D372C9FF8}
		{5BAFCEEC-360E-34EC-9F9B-D8A0FBCD9ACB} = {63E8ECA9-C30C-3383-A283-E88D372C9FF8}
		{40EE9E9F-42CF-32EB-AD42-5F9A1573C056} = {63E8ECA9-C30C-3383-A283-E88D372C9FF8}
		{77D638CF-9670-39B0-AA36-4C74AEAD0BCE} = {63E8ECA9-C30C-3383-A283-E88D372C9FF8}
		{C534F9CA-ABE9-36E9-8132-5C04720FDA3D} = {63E8ECA9-C30C-3383-A283-E88D372C9FF8}
		{40B41B4A-1CA3-3F4D-995A-DB7A251B1C97} = {63E8ECA9-C30C-3383-A283-E88D372C9FF8}
		{046252A3-4550-3A14-8580-889F693F0223} = {63E8ECA9-C30C-3383-A283-E88D372C9FF8}
		{CA4EDFF6-F378-34E7-95CE-597E63BCEAD0} = {63E8ECA9-C30C-3383-A283-E88D372C9FF8}
		{6F3EBCAF-09D4-36BF-B28C-77B300C4A986} = {63E8ECA9-C30C-3383-A283-E88D372C9FF8}
		{7C23008C-9C2B-385F-9852-1FD06EAFDB98} = {63E8ECA9-C30C-3383-A283-E88D372C9FF8}
		{D44AD7AB-CBC8-35EC-A670-FC3688C4DE0B} = {A4A2BFFD-BB12-3D94-BD7B-E9C85DBF26D9}
		{14668BB5-86C4-3CA8-967B-212F1CB9F155} = {D400D3FF-0E5B-322A-8C17-DCB4FC176645}
	EndGlobalSection
	GlobalSection(ExtensibilityGlobals) = postSolution
		SolutionGuid = {7B6F9FC3-F76B-3DAC-992C-3A70B9B72041}
	EndGlobalSection
	GlobalSection(ExtensibilityAddIns) = postSolution
	EndGlobalSection
EndGlobal
